// !$*UTF8*$!
{
	archiveVersion = 1;
	classes = {
	};
	objectVersion = 77;
	objects = {

/* Begin PBXContainerItemProxy section */
		8D958E272F8ED37900C0321E /* PBXContainerItemProxy */ = {
			isa = PBXContainerItemProxy;
			containerPortal = 8D958E0F2F8ED37800C0321E /* Project object */;
			proxyType = 1;
			remoteGlobalIDString = 8D958E162F8ED37800C0321E;
			remoteInfo = "slideshow-creator";
		};
		8D958E312F8ED37900C0321E /* PBXContainerItemProxy */ = {
			isa = PBXContainerItemProxy;
			containerPortal = 8D958E0F2F8ED37800C0321E /* Project object */;
			proxyType = 1;
			remoteGlobalIDString = 8D958E162F8ED37800C0321E;
			remoteInfo = "slideshow-creator";
		};
/* End PBXContainerItemProxy section */

/* Begin PBXFileReference section */
		8D958E172F8ED37800C0321E /* slideshow-creator.app */ = {isa = PBXFileReference; explicitFileType = wrapper.application; includeInIndex = 0; path = "slideshow-creator.app"; sourceTree = BUILT_PRODUCTS_DIR; };
		8D958E262F8ED37900C0321E /* slideshow-creatorTests.xctest */ = {isa = PBXFileReference; explicitFileType = wrapper.cfbundle; includeInIndex = 0; path = "slideshow-creatorTests.xctest"; sourceTree = BUILT_PRODUCTS_DIR; };
		8D958E302F8ED37900C0321E /* slideshow-creatorUITests.xctest */ = {isa = PBXFileReference; explicitFileType = wrapper.cfbundle; includeInIndex = 0; path = "slideshow-creatorUITests.xctest"; sourceTree = BUILT_PRODUCTS_DIR; };
/* End PBXFileReference section */

/* Begin PBXFileSystemSynchronizedRootGroup section */
		8D958E192F8ED37800C0321E /* slideshow-creator */ = {
			isa = PBXFileSystemSynchronizedRootGroup;
			path = "slideshow-creator";
			sourceTree = "<group>";
		};
		8D958E292F8ED37900C0321E /* slideshow-creatorTests */ = {
			isa = PBXFileSystemSynchronizedRootGroup;
			path = "slideshow-creatorTests";
			sourceTree = "<group>";
		};
		8D958E332F8ED37900C0321E /* slideshow-creatorUITests */ = {
			isa = PBXFileSystemSynchronizedRootGroup;
			path = "slideshow-creatorUITests";
			sourceTree = "<group>";
		};
/* End PBXFileSystemSynchronizedRootGroup section */

/* Begin PBXFrameworksBuildPhase section */
		8D958E142F8ED37800C0321E /* Frameworks */ = {
			isa = PBXFrameworksBuildPhase;
			buildActionMask = 2147483647;
			files = (
			);
			runOnlyForDeploymentPostprocessing = 0;
		};
		8D958E232F8ED37900C0321E /* Frameworks */ = {
			isa = PBXFrameworksBuildPhase;
			buildActionMask = 2147483647;
			files = (
			);
			runOnlyForDeploymentPostprocessing = 0;
		};
		8D958E2D2F8ED37900C0321E /* Frameworks */ = {
			isa = PBXFrameworksBuildPhase;
			buildActionMask = 2147483647;
			files = (
			);
			runOnlyForDeploymentPostprocessing = 0;
		};
/* End PBXFrameworksBuildPhase section */

/* Begin PBXGroup section */
		8D958E0E2F8ED37800C0321E = {
			isa = PBXGroup;
			children = (
				8D958E192F8ED37800C0321E /* slideshow-creator */,
				8D958E292F8ED37900C0321E /* slideshow-creatorTests */,
				8D958E332F8ED37900C0321E /* slideshow-creatorUITests */,
				8D958E182F8ED37800C0321E /* Products */,
			);
			sourceTree = "<group>";
		};
		8D958E182F8ED37800C0321E /* Products */ = {
			isa = PBXGroup;
			children = (
				8D958E172F8ED37800C0321E /* slideshow-creator.app */,
				8D958E262F8ED37900C0321E /* slideshow-creatorTests.xctest */,
				8D958E302F8ED37900C0321E /* slideshow-creatorUITests.xctest */,
			);
			name = Products;
			sourceTree = "<group>";
		};
/* End PBXGroup section */

/* Begin PBXNativeTarget section */
		8D958E162F8ED37800C0321E /* slideshow-creator */ = {
			isa = PBXNativeTarget;
			buildConfigurationList = 8D958E3A2F8ED37900C0321E /* Build configuration list for PBXNativeTarget "slideshow-creator" */;
			buildPhases = (
				8D958E132F8ED37800C0321E /* Sources */,
				8D958E142F8ED37800C0321E /* Frameworks */,
				8D958E152F8ED37800C0321E /* Resources */,
			);
			buildRules = (
			);
			dependencies = (
			);
			fileSystemSynchronizedGroups = (
				8D958E192F8ED37800C0321E /* slideshow-creator */,
			);
			name = "slideshow-creator";
			packageProductDependencies = (
			);
			productName = "slideshow-creator";
			productReference = 8D958E172F8ED37800C0321E /* slideshow-creator.app */;
			productType = "com.apple.product-type.application";
		};
		8D958E252F8ED37900C0321E /* slideshow-creatorTests */ = {
			isa = PBXNativeTarget;
			buildConfigurationList = 8D958E3D2F8ED37900C0321E /* Build configuration list for PBXNativeTarget "slideshow-creatorTests" */;
			buildPhases = (
				8D958E222F8ED37900C0321E /* Sources */,
				8D958E232F8ED37900C0321E /* Frameworks */,
				8D958E242F8ED37900C0321E /* Resources */,
			);
			buildRules = (
			);
			dependencies = (
				8D958E282F8ED37900C0321E /* PBXTargetDependency */,
			);
			fileSystemSynchronizedGroups = (
				8D958E292F8ED37900C0321E /* slideshow-creatorTests */,
			);
			name = "slideshow-creatorTests";
			packageProductDependencies = (
			);
			productName = "slideshow-creatorTests";
			productReference = 8D958E262F8ED37900C0321E /* slideshow-creatorTests.xctest */;
			productType = "com.apple.product-type.bundle.unit-test";
		};
		8D958E2F2F8ED37900C0321E /* slideshow-creatorUITests */ = {
			isa = PBXNativeTarget;
			buildConfigurationList = 8D958E402F8ED37900C0321E /* Build configuration list for PBXNativeTarget "slideshow-creatorUITests" */;
			buildPhases = (
				8D958E2C2F8ED37900C0321E /* Sources */,
				8D958E2D2F8ED37900C0321E /* Frameworks */,
				8D958E2E2F8ED37900C0321E /* Resources */,
			);
			buildRules = (
			);
			dependencies = (
				8D958E322F8ED37900C0321E /* PBXTargetDependency */,
			);
			fileSystemSynchronizedGroups = (
				8D958E332F8ED37900C0321E /* slideshow-creatorUITests */,
			);
			name = "slideshow-creatorUITests";
			packageProductDependencies = (
			);
			productName = "slideshow-creatorUITests";
			productReference = 8D958E302F8ED37900C0321E /* slideshow-creatorUITests.xctest */;
			productType = "com.apple.product-type.bundle.ui-testing";
		};
/* End PBXNativeTarget section */

/* Begin PBXProject section */
		8D958E0F2F8ED37800C0321E /* Project object */ = {
			isa = PBXProject;
			attributes = {
				BuildIndependentTargetsInParallel = 1;
				LastSwiftUpdateCheck = 2610;
				LastUpgradeCheck = 2610;
				TargetAttributes = {
					8D958E162F8ED37800C0321E = {
						CreatedOnToolsVersion = 26.1;
					};
					8D958E252F8ED37900C0321E = {
						CreatedOnToolsVersion = 26.1;
						TestTargetID = 8D958E162F8ED37800C0321E;
					};
					8D958E2F2F8ED37900C0321E = {
						CreatedOnToolsVersion = 26.1;
						TestTargetID = 8D958E162F8ED37800C0321E;
					};
				};
			};
			buildConfigurationList = 8D958E122F8ED37800C0321E /* Build configuration list for PBXProject "slideshow-creator" */;
			developmentRegion = en;
			hasScannedForEncodings = 0;
			knownRegions = (
				en,
				Base,
			);
			mainGroup = 8D958E0E2F8ED37800C0321E;
			minimizedProjectReferenceProxies = 1;
			preferredProjectObjectVersion = 77;
			productRefGroup = 8D958E182F8ED37800C0321E /* Products */;
			projectDirPath = "";
			projectRoot = "";
			targets = (
				8D958E162F8ED37800C0321E /* slideshow-creator */,
				8D958E252F8ED37900C0321E /* slideshow-creatorTests */,
				8D958E2F2F8ED37900C0321E /* slideshow-creatorUITests */,
			);
		};
/* End PBXProject section */

/* Begin PBXResourcesBuildPhase section */
		8D958E152F8ED37800C0321E /* Resources */ = {
			isa = PBXResourcesBuildPhase;
			buildActionMask = 2147483647;
			files = (
			);
			runOnlyForDeploymentPostprocessing = 0;
		};
		8D958E242F8ED37900C0321E /* Resources */ = {
			isa = PBXResourcesBuildPhase;
			buildActionMask = 2147483647;
			files = (
			);
			runOnlyForDeploymentPostprocessing = 0;
		};
		8D958E2E2F8ED37900C0321E /* Resources */ = {
			isa = PBXResourcesBuildPhase;
			buildActionMask = 2147483647;
			files = (
			);
			runOnlyForDeploymentPostprocessing = 0;
		};
/* End PBXResourcesBuildPhase section */

/* Begin PBXSourcesBuildPhase section */
		8D958E132F8ED37800C0321E /* Sources */ = {
			isa = PBXSourcesBuildPhase;
			buildActionMask = 2147483647;
			files = (
			);
			runOnlyForDeploymentPostprocessing = 0;
		};
		8D958E222F8ED37900C0321E /* Sources */ = {
			isa = PBXSourcesBuildPhase;
			buildActionMask = 2147483647;
			files = (
			);
			runOnlyForDeploymentPostprocessing = 0;
		};
		8D958E2C2F8ED37900C0321E /* Sources */ = {
			isa = PBXSourcesBuildPhase;
			buildActionMask = 2147483647;
			files = (
			);
			runOnlyForDeploymentPostprocessing = 0;
		};
/* End PBXSourcesBuildPhase section */

/* Begin PBXTargetDependency section */
		8D958E282F8ED37900C0321E /* PBXTargetDependency */ = {
			isa = PBXTargetDependency;
			target = 8D958E162F8ED37800C0321E /* slideshow-creator */;
			targetProxy = 8D958E272F8ED37900C0321E /* PBXContainerItemProxy */;
		};
		8D958E322F8ED37900C0321E /* PBXTargetDependency */ = {
			isa = PBXTargetDependency;
			target = 8D958E162F8ED37800C0321E /* slideshow-creator */;
			targetProxy = 8D958E312F8ED37900C0321E /* PBXContainerItemProxy */;
		};
/* End PBXTargetDependency section */

/* Begin XCBuildConfiguration section */
		8D958E382F8ED37900C0321E /* Debug */ = {
			isa = XCBuildConfiguration;
			buildSettings = {
				ALWAYS_SEARCH_USER_PATHS = NO;
				ASSETCATALOG_COMPILER_GENERATE_SWIFT_ASSET_SYMBOL_EXTENSIONS = YES;
				CLANG_ANALYZER_NONNULL = YES;
				CLANG_ANALYZER_NUMBER_OBJECT_CONVERSION = YES_AGGRESSIVE;
				CLANG_CXX_LANGUAGE_STANDARD = "gnu++20";
				CLANG_ENABLE_MODULES = YES;
				CLANG_ENABLE_OBJC_ARC = YES;
				CLANG_ENABLE_OBJC_WEAK = YES;
				CLANG_WARN_BLOCK_CAPTURE_AUTORELEASING = YES;
				CLANG_WARN_BOOL_CONVERSION = YES;
				CLANG_WARN_COMMA = YES;
				CLANG_WARN_CONSTANT_CONVERSION = YES;
				CLANG_WARN_DEPRECATED_OBJC_IMPLEMENTATIONS = YES;
				CLANG_WARN_DIRECT_OBJC_ISA_USAGE = YES_ERROR;
				CLANG_WARN_DOCUMENTATION_COMMENTS = YES;
				CLANG_WARN_EMPTY_BODY = YES;
				CLANG_WARN_ENUM_CONVERSION = YES;
				CLANG_WARN_INFINITE_RECURSION = YES;
				CLANG_WARN_INT_CONVERSION = YES;
				CLANG_WARN_NON_LITERAL_NULL_CONVERSION = YES;
				CLANG_WARN_OBJC_IMPLICIT_RETAIN_SELF = YES;
				CLANG_WARN_OBJC_LITERAL_CONVERSION = YES;
				CLANG_WARN_OBJC_ROOT_CLASS = YES_ERROR;
				CLANG_WARN_QUOTED_INCLUDE_IN_FRAMEWORK_HEADER = YES;
				CLANG_WARN_RANGE_LOOP_ANALYSIS = YES;
				CLANG_WARN_STRICT_PROTOTYPES = YES;
				CLANG_WARN_SUSPICIOUS_MOVE = YES;
				CLANG_WARN_UNGUARDED_AVAILABILITY = YES_AGGRESSIVE;
				CLANG_WARN_UNREACHABLE_CODE = YES;
				CLANG_WARN__DUPLICATE_METHOD_MATCH = YES;
				COPY_PHASE_STRIP = NO;
				DEBUG_INFORMATION_FORMAT = dwarf;
				DEVELOPMENT_TEAM = T7GU2YV9CY;
				ENABLE_STRICT_OBJC_MSGSEND = YES;
				ENABLE_TESTABILITY = YES;
				ENABLE_USER_SCRIPT_SANDBOXING = YES;
				GCC_C_LANGUAGE_STANDARD = gnu17;
				GCC_DYNAMIC_NO_PIC = NO;
				GCC_NO_COMMON_BLOCKS = YES;
				GCC_OPTIMIZATION_LEVEL = 0;
				GCC_PREPROCESSOR_DEFINITIONS = (
					"DEBUG=1",
					"$(inherited)",
				);
				GCC_WARN_64_TO_32_BIT_CONVERSION = YES;
				GCC_WARN_ABOUT_RETURN_TYPE = YES_ERROR;
				GCC_WARN_UNDECLARED_SELECTOR = YES;
				GCC_WARN_UNINITIALIZED_AUTOS = YES_AGGRESSIVE;
				GCC_WARN_UNUSED_FUNCTION = YES;
				GCC_WARN_UNUSED_VARIABLE = YES;
				LOCALIZATION_PREFERS_STRING_CATALOGS = YES;
				MACOSX_DEPLOYMENT_TARGET = 15.0;
				MTL_ENABLE_DEBUG_INFO = INCLUDE_SOURCE;
				MTL_FAST_MATH = YES;
				ONLY_ACTIVE_ARCH = YES;
				SDKROOT = macosx;
				SWIFT_ACTIVE_COMPILATION_CONDITIONS = "DEBUG $(inherited)";
				SWIFT_OPTIMIZATION_LEVEL = "-Onone";
			};
			name = Debug;
		};
		8D958E392F8ED37900C0321E /* Release */ = {
			isa = XCBuildConfiguration;
			buildSettings = {
				ALWAYS_SEARCH_USER_PATHS = NO;
				ASSETCATALOG_COMPILER_GENERATE_SWIFT_ASSET_SYMBOL_EXTENSIONS = YES;
				CLANG_ANALYZER_NONNULL = YES;
				CLANG_ANALYZER_NUMBER_OBJECT_CONVERSION = YES_AGGRESSIVE;
				CLANG_CXX_LANGUAGE_STANDARD = "gnu++20";
				CLANG_ENABLE_MODULES = YES;
				CLANG_ENABLE_OBJC_ARC = YES;
				CLANG_ENABLE_OBJC_WEAK = YES;
				CLANG_WARN_BLOCK_CAPTURE_AUTORELEASING = YES;
				CLANG_WARN_BOOL_CONVERSION = YES;
				CLANG_WARN_COMMA = YES;
				CLANG_WARN_CONSTANT_CONVERSION = YES;
				CLANG_WARN_DEPRECATED_OBJC_IMPLEMENTATIONS = YES;
				CLANG_WARN_DIRECT_OBJC_ISA_USAGE = YES_ERROR;
				CLANG_WARN_DOCUMENTATION_COMMENTS = YES;
				CLANG_WARN_EMPTY_BODY = YES;
				CLANG_WARN_ENUM_CONVERSION = YES;
				CLANG_WARN_INFINITE_RECURSION = YES;
				CLANG_WARN_INT_CONVERSION = YES;
				CLANG_WARN_NON_LITERAL_NULL_CONVERSION = YES;
				CLANG_WARN_OBJC_IMPLICIT_RETAIN_SELF = YES;
				CLANG_WARN_OBJC_LITERAL_CONVERSION = YES;
				CLANG_WARN_OBJC_ROOT_CLASS = YES_ERROR;
				CLANG_WARN_QUOTED_INCLUDE_IN_FRAMEWORK_HEADER = YES;
				CLANG_WARN_RANGE_LOOP_ANALYSIS = YES;
				CLANG_WARN_STRICT_PROTOTYPES = YES;
				CLANG_WARN_SUSPICIOUS_MOVE = YES;
				CLANG_WARN_UNGUARDED_AVAILABILITY = YES_AGGRESSIVE;
				CLANG_WARN_UNREACHABLE_CODE = YES;
				CLANG_WARN__DUPLICATE_METHOD_MATCH = YES;
				COPY_PHASE_STRIP = NO;
				DEBUG_INFORMATION_FORMAT = "dwarf-with-dsym";
				DEVELOPMENT_TEAM = T7GU2YV9CY;
				ENABLE_NS_ASSERTIONS = NO;
				ENABLE_STRICT_OBJC_MSGSEND = YES;
				ENABLE_USER_SCRIPT_SANDBOXING = YES;
				GCC_C_LANGUAGE_STANDARD = gnu17;
				GCC_NO_COMMON_BLOCKS = YES;
				GCC_WARN_64_TO_32_BIT_CONVERSION = YES;
				GCC_WARN_ABOUT_RETURN_TYPE = YES_ERROR;
				GCC_WARN_UNDECLARED_SELECTOR = YES;
				GCC_WARN_UNINITIALIZED_AUTOS = YES_AGGRESSIVE;
				GCC_WARN_UNUSED_FUNCTION = YES;
				GCC_WARN_UNUSED_VARIABLE = YES;
				LOCALIZATION_PREFERS_STRING_CATALOGS = YES;
				MACOSX_DEPLOYMENT_TARGET = 15.0;
				MTL_ENABLE_DEBUG_INFO = NO;
				MTL_FAST_MATH = YES;
				SDKROOT = macosx;
				SWIFT_COMPILATION_MODE = wholemodule;
			};
			name = Release;
		};
		8D958E3B2F8ED37900C0321E /* Debug */ = {
			isa = XCBuildConfiguration;
			buildSettings = {
				ASSETCATALOG_COMPILER_APPICON_NAME = AppIcon;
				ASSETCATALOG_COMPILER_GLOBAL_ACCENT_COLOR_NAME = AccentColor;
				CODE_SIGN_STYLE = Automatic;
				COMBINE_HIDPI_IMAGES = YES;
				CURRENT_PROJECT_VERSION = 1;
				DEVELOPMENT_TEAM = T7GU2YV9CY;
				ENABLE_APP_SANDBOX = NO;
				ENABLE_HARDENED_RUNTIME = YES;
				ENABLE_PREVIEWS = YES;
				ENABLE_USER_SELECTED_FILES = readwrite;
				GENERATE_INFOPLIST_FILE = YES;
				INFOPLIST_KEY_NSHumanReadableCopyright = "";
				LD_RUNPATH_SEARCH_PATHS = (
					"$(inherited)",
					"@executable_path/../Frameworks",
				);
				MARKETING_VERSION = 1.0;
				PRODUCT_BUNDLE_IDENTIFIER = "com.daviesgeek.slideshow-creator";
				PRODUCT_NAME = "$(TARGET_NAME)";
				REGISTER_APP_GROUPS = YES;
				STRING_CATALOG_GENERATE_SYMBOLS = YES;
				SWIFT_APPROACHABLE_CONCURRENCY = YES;
				SWIFT_DEFAULT_ACTOR_ISOLATION = MainActor;
				SWIFT_EMIT_LOC_STRINGS = YES;
				SWIFT_UPCOMING_FEATURE_MEMBER_IMPORT_VISIBILITY = YES;
				SWIFT_VERSION = 5.0;
			};
			name = Debug;
		};
		8D958E3C2F8ED37900C0321E /* Release */ = {
			isa = XCBuildConfiguration;
			buildSettings = {
				ASSETCATALOG_COMPILER_APPICON_NAME = AppIcon;
				ASSETCATALOG_COMPILER_GLOBAL_ACCENT_COLOR_NAME = AccentColor;
				CODE_SIGN_STYLE = Automatic;
				COMBINE_HIDPI_IMAGES = YES;
				CURRENT_PROJECT_VERSION = 1;
				DEVELOPMENT_TEAM = T7GU2YV9CY;
				ENABLE_APP_SANDBOX = NO;
				ENABLE_HARDENED_RUNTIME = YES;
				ENABLE_PREVIEWS = YES;
				ENABLE_USER_SELECTED_FILES = readwrite;
				GENERATE_INFOPLIST_FILE = YES;
				INFOPLIST_KEY_NSHumanReadableCopyright = "";
				LD_RUNPATH_SEARCH_PATHS = (
					"$(inherited)",
					"@executable_path/../Frameworks",
				);
				MARKETING_VERSION = 1.0;
				PRODUCT_BUNDLE_IDENTIFIER = "com.daviesgeek.slideshow-creator";
				PRODUCT_NAME = "$(TARGET_NAME)";
				REGISTER_APP_GROUPS = YES;
				STRING_CATALOG_GENERATE_SYMBOLS = YES;
				SWIFT_APPROACHABLE_CONCURRENCY = YES;
				SWIFT_DEFAULT_ACTOR_ISOLATION = MainActor;
				SWIFT_EMIT_LOC_STRINGS = YES;
				SWIFT_UPCOMING_FEATURE_MEMBER_IMPORT_VISIBILITY = YES;
				SWIFT_VERSION = 5.0;
			};
			name = Release;
		};
		8D958E3E2F8ED37900C0321E /* Debug */ = {
			isa = XCBuildConfiguration;
			buildSettings = {
				BUNDLE_LOADER = "$(TEST_HOST)";
				CODE_SIGN_STYLE = Automatic;
				CURRENT_PROJECT_VERSION = 1;
				DEVELOPMENT_TEAM = T7GU2YV9CY;
				GENERATE_INFOPLIST_FILE = YES;
				MACOSX_DEPLOYMENT_TARGET = 15.0;
				MARKETING_VERSION = 1.0;
				PRODUCT_BUNDLE_IDENTIFIER = "com.daviesgeek.slideshow-creatorTests";
				PRODUCT_NAME = "$(TARGET_NAME)";
				STRING_CATALOG_GENERATE_SYMBOLS = NO;
				SWIFT_APPROACHABLE_CONCURRENCY = YES;
				SWIFT_EMIT_LOC_STRINGS = NO;
				SWIFT_UPCOMING_FEATURE_MEMBER_IMPORT_VISIBILITY = YES;
				SWIFT_VERSION = 5.0;
				TEST_HOST = "$(BUILT_PRODUCTS_DIR)/slideshow-creator.app/$(BUNDLE_EXECUTABLE_FOLDER_PATH)/slideshow-creator";
			};
			name = Debug;
		};
		8D958E3F2F8ED37900C0321E /* Release */ = {
			isa = XCBuildConfiguration;
			buildSettings = {
				BUNDLE_LOADER = "$(TEST_HOST)";
				CODE_SIGN_STYLE = Automatic;
				CURRENT_PROJECT_VERSION = 1;
				DEVELOPMENT_TEAM = T7GU2YV9CY;
				GENERATE_INFOPLIST_FILE = YES;
				MACOSX_DEPLOYMENT_TARGET = 15.0;
				MARKETING_VERSION = 1.0;
				PRODUCT_BUNDLE_IDENTIFIER = "com.daviesgeek.slideshow-creatorTests";
				PRODUCT_NAME = "$(TARGET_NAME)";
				STRING_CATALOG_GENERATE_SYMBOLS = NO;
				SWIFT_APPROACHABLE_CONCURRENCY = YES;
				SWIFT_EMIT_LOC_STRINGS = NO;
				SWIFT_UPCOMING_FEATURE_MEMBER_IMPORT_VISIBILITY = YES;
				SWIFT_VERSION = 5.0;
				TEST_HOST = "$(BUILT_PRODUCTS_DIR)/slideshow-creator.app/$(BUNDLE_EXECUTABLE_FOLDER_PATH)/slideshow-creator";
			};
			name = Release;
		};
		8D958E412F8ED37900C0321E /* Debug */ = {
			isa = XCBuildConfiguration;
			buildSettings = {
				CODE_SIGN_STYLE = Automatic;
				CURRENT_PROJECT_VERSION = 1;
				DEVELOPMENT_TEAM = T7GU2YV9CY;
				GENERATE_INFOPLIST_FILE = YES;
				MARKETING_VERSION = 1.0;
				PRODUCT_BUNDLE_IDENTIFIER = "com.daviesgeek.slideshow-creatorUITests";
				PRODUCT_NAME = "$(TARGET_NAME)";
				STRING_CATALOG_GENERATE_SYMBOLS = NO;
				SWIFT_APPROACHABLE_CONCURRENCY = YES;
				SWIFT_EMIT_LOC_STRINGS = NO;
				SWIFT_UPCOMING_FEATURE_MEMBER_IMPORT_VISIBILITY = YES;
				SWIFT_VERSION = 5.0;
				TEST_TARGET_NAME = "slideshow-creator";
			};
			name = Debug;
		};
		8D958E422F8ED37900C0321E /* Release */ = {
			isa = XCBuildConfiguration;
			buildSettings = {
				CODE_SIGN_STYLE = Automatic;
				CURRENT_PROJECT_VERSION = 1;
				DEVELOPMENT_TEAM = T7GU2YV9CY;
				GENERATE_INFOPLIST_FILE = YES;
				MARKETING_VERSION = 1.0;
				PRODUCT_BUNDLE_IDENTIFIER = "com.daviesgeek.slideshow-creatorUITests";
				PRODUCT_NAME = "$(TARGET_NAME)";
				STRING_CATALOG_GENERATE_SYMBOLS = NO;
				SWIFT_APPROACHABLE_CONCURRENCY = YES;
				SWIFT_EMIT_LOC_STRINGS = NO;
				SWIFT_UPCOMING_FEATURE_MEMBER_IMPORT_VISIBILITY = YES;
				SWIFT_VERSION = 5.0;
				TEST_TARGET_NAME = "slideshow-creator";
			};
			name = Release;
		};
/* End XCBuildConfiguration section */

/* Begin XCConfigurationList section */
		8D958E122F8ED37800C0321E /* Build configuration list for PBXProject "slideshow-creator" */ = {
			isa = XCConfigurationList;
			buildConfigurations = (
				8D958E382F8ED37900C0321E /* Debug */,
				8D958E392F8ED37900C0321E /* Release */,
			);
			defaultConfigurationIsVisible = 0;
			defaultConfigurationName = Release;
		};
		8D958E3A2F8ED37900C0321E /* Build configuration list for PBXNativeTarget "slideshow-creator" */ = {
			isa = XCConfigurationList;
			buildConfigurations = (
				8D958E3B2F8ED37900C0321E /* Debug */,
				8D958E3C2F8ED37900C0321E /* Release */,
			);
			defaultConfigurationIsVisible = 0;
			defaultConfigurationName = Release;
		};
		8D958E3D2F8ED37900C0321E /* Build configuration list for PBXNativeTarget "slideshow-creatorTests" */ = {
			isa = XCConfigurationList;
			buildConfigurations = (
				8D958E3E2F8ED37900C0321E /* Debug */,
				8D958E3F2F8ED37900C0321E /* Release */,
			);
			defaultConfigurationIsVisible = 0;
			defaultConfigurationName = Release;
		};
		8D958E402F8ED37900C0321E /* Build configuration list for PBXNativeTarget "slideshow-creatorUITests" */ = {
			isa = XCConfigurationList;
			buildConfigurations = (
				8D958E412F8ED37900C0321E /* Debug */,
				8D958E422F8ED37900C0321E /* Release */,
			);
			defaultConfigurationIsVisible = 0;
			defaultConfigurationName = Release;
		};
/* End XCConfigurationList section */
	};
	rootObject = 8D958E0F2F8ED37800C0321E /* Project object */;
}
